PODS:
  - AppCenter (1.13.0):
    - AppCenter/Analytics (= 1.13.0)
    - AppCenter/Crashes (= 1.13.0)
  - AppCenter/Analytics (1.13.0):
    - AppCenter/Core
  - AppCenter/Core (1.13.0)
  - AppCenter/Crashes (1.13.0):
    - AppCenter/Core

DEPENDENCIES:
  - AppCenter

SPEC REPOS:
  https://github.com/cocoapods/specs.git:
    - AppCenter

SPEC CHECKSUMS:
  AppCenter: a70408f15de23f925001bfc7b7473094a009a4eb

PODFILE CHECKSUM: e66347e4a7bc8a8eff09307c5b77647bceeecc70

COCOAPODS: 1.5.3
